
Microsoft Visual Studio Solution File, Format Version 12.00
# Visual Studio Version 17
VisualStudioVersion = 17.6.33815.320
MinimumVisualStudioVersion = 10.0.40219.1
Project("{9A19103F-16F7-4668-BE54-9A1E7A4F7556}") = "BankAccount.Domain", "BankAccount.Domain\BankAccount.Domain.csproj", "{2FD41778-00C7-45D7-B045-D86E2EFD865A}"
EndProject
Project("{9A19103F-16F7-4668-BE54-9A1E7A4F7556}") = "BankAccount.Application", "BankAccount.Application\BankAccount.Application.csproj", "{10D2F39E-B165-4C08-ACF7-3CC04589B1F1}"
EndProject
Project("{9A19103F-16F7-4668-BE54-9A1E7A4F7556}") = "BankAccount.Infrastructure", "BankAccount.Infrastructure\BankAccount.Infrastructure.csproj", "{E9D378F6-9528-47DF-A288-6747B6B32E5E}"
EndProject
Project("{FAE04EC0-301F-11D3-BF4B-00C04F79EFBC}") = "BankAccount.Api", "BankAccount.Api\BankAccount.Api.csproj", "{52CE7632-B0AC-4253-A335-061B5D5A937B}"
EndProject
Project("{2150E333-8FDC-42A3-9474-1A3956D46DE8}") = "src", "src", "{8252218E-3B6E-4092-9087-CF7AF774FE37}"
EndProject
Project("{2150E333-8FDC-42A3-9474-1A3956D46DE8}") = "test", "test", "{83396FFD-B7C4-4FB0-B79B-5C18D6AC3624}"
EndProject
Project("{2150E333-8FDC-42A3-9474-1A3956D46DE8}") = "Deployment", "Deployment", "{1A096D37-C0C7-46FC-893F-597442875053}"
EndProject
Project("{FAE04EC0-301F-11D3-BF4B-00C04F79EFBC}") = "BankAccount.PerformanceTest", "BankAccount.PerformanceTest\BankAccount.PerformanceTest.csproj", "{A8BD5E9A-F0CF-480E-96A5-91DEB2AACADD}"
EndProject
Project("{FAE04EC0-301F-11D3-BF4B-00C04F79EFBC}") = "BankAccount.UnitTest", "BankAccount.UnitTest\BankAccount.UnitTest.csproj", "{53E8BC83-1F00-43EA-B81B-098CBF25E89A}"
EndProject
Project("{FAE04EC0-301F-11D3-BF4B-00C04F79EFBC}") = "BankAccount.IntegrationTest", "BankAccount.IntegrationTest\BankAccount.IntegrationTest.csproj", "{D27178AA-4526-42CC-84A6-0E2CCCD1F1D4}"
EndProject
Global
	GlobalSection(SolutionConfigurationPlatforms) = preSolution
		Debug|Any CPU = Debug|Any CPU
		Release|Any CPU = Release|Any CPU
	EndGlobalSection
	GlobalSection(ProjectConfigurationPlatforms) = postSolution
		{2FD41778-00C7-45D7-B045-D86E2EFD865A}.Debug|Any CPU.ActiveCfg = Debug|Any CPU
		{2FD41778-00C7-45D7-B045-D86E2EFD865A}.Debug|Any CPU.Build.0 = Debug|Any CPU
		{2FD41778-00C7-45D7-B045-D86E2EFD865A}.Release|Any CPU.ActiveCfg = Release|Any CPU
		{2FD41778-00C7-45D7-B045-D86E2EFD865A}.Release|Any CPU.Build.0 = Release|Any CPU
		{10D2F39E-B165-4C08-ACF7-3CC04589B1F1}.Debug|Any CPU.ActiveCfg = Debug|Any CPU
		{10D2F39E-B165-4C08-ACF7-3CC04589B1F1}.Debug|Any CPU.Build.0 = Debug|Any CPU
		{10D2F39E-B165-4C08-ACF7-3CC04589B1F1}.Release|Any CPU.ActiveCfg = Release|Any CPU
		{10D2F39E-B165-4C08-ACF7-3CC04589B1F1}.Release|Any CPU.Build.0 = Release|Any CPU
		{E9D378F6-9528-47DF-A288-6747B6B32E5E}.Debug|Any CPU.ActiveCfg = Debug|Any CPU
		{E9D378F6-9528-47DF-A288-6747B6B32E5E}.Debug|Any CPU.Build.0 = Debug|Any CPU
		{E9D378F6-9528-47DF-A288-6747B6B32E5E}.Release|Any CPU.ActiveCfg = Release|Any CPU
		{E9D378F6-9528-47DF-A288-6747B6B32E5E}.Release|Any CPU.Build.0 = Release|Any CPU
		{52CE7632-B0AC-4253-A335-061B5D5A937B}.Debug|Any CPU.ActiveCfg = Debug|Any CPU
		{52CE7632-B0AC-4253-A335-061B5D5A937B}.Debug|Any CPU.Build.0 = Debug|Any CPU
		{52CE7632-B0AC-4253-A335-061B5D5A937B}.Release|Any CPU.ActiveCfg = Release|Any CPU
		{52CE7632-B0AC-4253-A335-061B5D5A937B}.Release|Any CPU.Build.0 = Release|Any CPU
		{A8BD5E9A-F0CF-480E-96A5-91DEB2AACADD}.Debug|Any CPU.ActiveCfg = Debug|Any CPU
		{A8BD5E9A-F0CF-480E-96A5-91DEB2AACADD}.Debug|Any CPU.Build.0 = Debug|Any CPU
		{A8BD5E9A-F0CF-480E-96A5-91DEB2AACADD}.Release|Any CPU.ActiveCfg = Release|Any CPU
		{A8BD5E9A-F0CF-480E-96A5-91DEB2AACADD}.Release|Any CPU.Build.0 = Release|Any CPU
		{53E8BC83-1F00-43EA-B81B-098CBF25E89A}.Debug|Any CPU.ActiveCfg = Debug|Any CPU
		{53E8BC83-1F00-43EA-B81B-098CBF25E89A}.Debug|Any CPU.Build.0 = Debug|Any CPU
		{53E8BC83-1F00-43EA-B81B-098CBF25E89A}.Release|Any CPU.ActiveCfg = Release|Any CPU
		{53E8BC83-1F00-43EA-B81B-098CBF25E89A}.Release|Any CPU.Build.0 = Release|Any CPU
		{D27178AA-4526-42CC-84A6-0E2CCCD1F1D4}.Debug|Any CPU.ActiveCfg = Debug|Any CPU
		{D27178AA-4526-42CC-84A6-0E2CCCD1F1D4}.Debug|Any CPU.Build.0 = Debug|Any CPU
		{D27178AA-4526-42CC-84A6-0E2CCCD1F1D4}.Release|Any CPU.ActiveCfg = Release|Any CPU
		{D27178AA-4526-42CC-84A6-0E2CCCD1F1D4}.Release|Any CPU.Build.0 = Release|Any CPU
	EndGlobalSection
	GlobalSection(SolutionProperties) = preSolution
		HideSolutionNode = FALSE
	EndGlobalSection
	GlobalSection(NestedProjects) = preSolution
		{2FD41778-00C7-45D7-B045-D86E2EFD865A} = {8252218E-3B6E-4092-9087-CF7AF774FE37}
		{10D2F39E-B165-4C08-ACF7-3CC04589B1F1} = {8252218E-3B6E-4092-9087-CF7AF774FE37}
		{E9D378F6-9528-47DF-A288-6747B6B32E5E} = {8252218E-3B6E-4092-9087-CF7AF774FE37}
		{52CE7632-B0AC-4253-A335-061B5D5A937B} = {8252218E-3B6E-4092-9087-CF7AF774FE37}
		{A8BD5E9A-F0CF-480E-96A5-91DEB2AACADD} = {83396FFD-B7C4-4FB0-B79B-5C18D6AC3624}
		{53E8BC83-1F00-43EA-B81B-098CBF25E89A} = {83396FFD-B7C4-4FB0-B79B-5C18D6AC3624}
		{D27178AA-4526-42CC-84A6-0E2CCCD1F1D4} = {83396FFD-B7C4-4FB0-B79B-5C18D6AC3624}
	EndGlobalSection
	GlobalSection(ExtensibilityGlobals) = postSolution
		SolutionGuid = {A984B2E4-D1C3-4E80-A6B4-D0FA998AB4C9}
	EndGlobalSection
EndGlobal
