
Microsoft Visual Studio Solution File, Format Version 12.00
# Visual Studio Version 17
VisualStudioVersion = 17.6.33815.320
MinimumVisualStudioVersion = 10.0.40219.1
Project("{FAE04EC0-301F-11D3-BF4B-00C04F79EFBC}") = "BankAccount.Common.Logging", "BankAccount.Common.Logging\BankAccount.Common.Logging.csproj", "{5772C19A-046A-404F-9235-3175C997762E}"
EndProject
Global
	GlobalSection(SolutionConfigurationPlatforms) = preSolution
		Debug|Any CPU = Debug|Any CPU
		Release|Any CPU = Release|Any CPU
	EndGlobalSection
	GlobalSection(ProjectConfigurationPlatforms) = postSolution
		{5772C19A-046A-404F-9235-3175C997762E}.Debug|Any CPU.ActiveCfg = Debug|Any CPU
		{5772C19A-046A-404F-9235-3175C997762E}.Debug|Any CPU.Build.0 = Debug|Any CPU
		{5772C19A-046A-404F-9235-3175C997762E}.Release|Any CPU.ActiveCfg = Release|Any CPU
		{5772C19A-046A-404F-9235-3175C997762E}.Release|Any CPU.Build.0 = Release|Any CPU
	EndGlobalSection
	GlobalSection(SolutionProperties) = preSolution
		HideSolutionNode = FALSE
	EndGlobalSection
	GlobalSection(ExtensibilityGlobals) = postSolution
		SolutionGuid = {B4DDDFB2-E2AB-4900-A362-B6711D9B8304}
	EndGlobalSection
EndGlobal
